// !$*UTF8*$!
{
	archiveVersion = 1;
	classes = {
	};
	objectVersion = 48;
	objects = {

/* Begin PBXBuildFile section */
		3FAB87BFF0EBCE96B5EB3B9B /* libPods-iOS try appUITests.a in Frameworks */ = {isa = PBXBuildFile; fileRef = DCF56CE274911A3F0AB31B19 /* libPods-iOS try appUITests.a */; };
		8D78847C20B2E85800211135 /* MenuViewController.m in Sources */ = {isa = PBXBuildFile; fileRef = 8D78847B20B2E85800211135 /* MenuViewController.m */; };
		8D78848B20BAD12500211135 /* GoogleService-Info.plist in Resources */ = {isa = PBXBuildFile; fileRef = 8D78848A20BAD12400211135 /* GoogleService-Info.plist */; };
		8D78848C20BAD12500211135 /* GoogleService-Info.plist in Resources */ = {isa = PBXBuildFile; fileRef = 8D78848A20BAD12400211135 /* GoogleService-Info.plist */; };
		8D78848D20BAD12500211135 /* GoogleService-Info.plist in Resources */ = {isa = PBXBuildFile; fileRef = 8D78848A20BAD12400211135 /* GoogleService-Info.plist */; };
		8D78849020BBBCBA00211135 /* RegisterViewController.m in Sources */ = {isa = PBXBuildFile; fileRef = 8D78848F20BBBCBA00211135 /* RegisterViewController.m */; };
		8D8B2DE520AD251900D8E063 /* StartChallenge.m in Sources */ = {isa = PBXBuildFile; fileRef = 8D8B2DE420AD251900D8E063 /* StartChallenge.m */; };
		8DEE4C5D20BE6A9D0023AF08 /* AlertViewController.m in Sources */ = {isa = PBXBuildFile; fileRef = 8DEE4C5C20BE6A9D0023AF08 /* AlertViewController.m */; };
		95A523078ADD1E91901AAA5C /* libPods-iOS try appTests.a in Frameworks */ = {isa = PBXBuildFile; fileRef = 2B2DF888119DBE4725358FB8 /* libPods-iOS try appTests.a */; };
		A442EB6020B62B5E00B160D7 /* ClassicModeViewController.m in Sources */ = {isa = PBXBuildFile; fileRef = A442EB5F20B62B5E00B160D7 /* ClassicModeViewController.m */; };
		A473AA0D20ACF06A0063AC23 /* GUI in Resources */ = {isa = PBXBuildFile; fileRef = A473AA0C20ACF06A0063AC23 /* GUI */; };
		A4E79393209ADCEE000C17C1 /* AppDelegate.m in Sources */ = {isa = PBXBuildFile; fileRef = A4E79392209ADCEE000C17C1 /* AppDelegate.m */; };
		A4E79396209ADCEE000C17C1 /* ViewController.m in Sources */ = {isa = PBXBuildFile; fileRef = A4E79395209ADCEE000C17C1 /* ViewController.m */; };
		A4E79399209ADCEE000C17C1 /* Main.storyboard in Resources */ = {isa = PBXBuildFile; fileRef = A4E79397209ADCEE000C17C1 /* Main.storyboard */; };
		A4E7939B209ADCEE000C17C1 /* Assets.xcassets in Resources */ = {isa = PBXBuildFile; fileRef = A4E7939A209ADCEE000C17C1 /* Assets.xcassets */; };
		A4E7939E209ADCEE000C17C1 /* LaunchScreen.storyboard in Resources */ = {isa = PBXBuildFile; fileRef = A4E7939C209ADCEE000C17C1 /* LaunchScreen.storyboard */; };
		A4E793A1209ADCEE000C17C1 /* main.m in Sources */ = {isa = PBXBuildFile; fileRef = A4E793A0209ADCEE000C17C1 /* main.m */; };
		A4E793AB209ADCEE000C17C1 /* iOS_try_appTests.m in Sources */ = {isa = PBXBuildFile; fileRef = A4E793AA209ADCEE000C17C1 /* iOS_try_appTests.m */; };
		A4E793B6209ADCEE000C17C1 /* iOS_try_appUITests.m in Sources */ = {isa = PBXBuildFile; fileRef = A4E793B5209ADCEE000C17C1 /* iOS_try_appUITests.m */; };
		AE83405DBBF07294E81274C4 /* libPods-iOS try app.a in Frameworks */ = {isa = PBXBuildFile; fileRef = FF08DDE43E80B34A9DF379C6 /* libPods-iOS try app.a */; };
/* End PBXBuildFile section */

/* Begin PBXContainerItemProxy section */
		A4E793A7209ADCEE000C17C1 /* PBXContainerItemProxy */ = {
			isa = PBXContainerItemProxy;
			containerPortal = A4E79386209ADCEE000C17C1 /* Project object */;
			proxyType = 1;
			remoteGlobalIDString = A4E7938D209ADCEE000C17C1;
			remoteInfo = "iOS try app";
		};
		A4E793B2209ADCEE000C17C1 /* PBXContainerItemProxy */ = {
			isa = PBXContainerItemProxy;
			containerPortal = A4E79386209ADCEE000C17C1 /* Project object */;
			proxyType = 1;
			remoteGlobalIDString = A4E7938D209ADCEE000C17C1;
			remoteInfo = "iOS try app";
		};
/* End PBXContainerItemProxy section */

/* Begin PBXFileReference section */
		05911351A6F252EC396E6B67 /* Pods-iOS try appTests.release.xcconfig */ = {isa = PBXFileReference; includeInIndex = 1; lastKnownFileType = text.xcconfig; name = "Pods-iOS try appTests.release.xcconfig"; path = "Pods/Target Support Files/Pods-iOS try appTests/Pods-iOS try appTests.release.xcconfig"; sourceTree = "<group>"; };
		0A4A55BBF8D829D2342FC183 /* Pods-iOS try appUITests.release.xcconfig */ = {isa = PBXFileReference; includeInIndex = 1; lastKnownFileType = text.xcconfig; name = "Pods-iOS try appUITests.release.xcconfig"; path = "Pods/Target Support Files/Pods-iOS try appUITests/Pods-iOS try appUITests.release.xcconfig"; sourceTree = "<group>"; };
		2B2DF888119DBE4725358FB8 /* libPods-iOS try appTests.a */ = {isa = PBXFileReference; explicitFileType = archive.ar; includeInIndex = 0; path = "libPods-iOS try appTests.a"; sourceTree = BUILT_PRODUCTS_DIR; };
		3852A35FF42F407C2154D8CE /* Pods-iOS try appUITests.debug.xcconfig */ = {isa = PBXFileReference; includeInIndex = 1; lastKnownFileType = text.xcconfig; name = "Pods-iOS try appUITests.debug.xcconfig"; path = "Pods/Target Support Files/Pods-iOS try appUITests/Pods-iOS try appUITests.debug.xcconfig"; sourceTree = "<group>"; };
		659C422160A9C59E2B63671B /* Pods-iOS try appTests.debug.xcconfig */ = {isa = PBXFileReference; includeInIndex = 1; lastKnownFileType = text.xcconfig; name = "Pods-iOS try appTests.debug.xcconfig"; path = "Pods/Target Support Files/Pods-iOS try appTests/Pods-iOS try appTests.debug.xcconfig"; sourceTree = "<group>"; };
		8D78847A20B2E85800211135 /* MenuViewController.h */ = {isa = PBXFileReference; lastKnownFileType = sourcecode.c.h; path = MenuViewController.h; sourceTree = "<group>"; };
		8D78847B20B2E85800211135 /* MenuViewController.m */ = {isa = PBXFileReference; lastKnownFileType = sourcecode.c.objc; path = MenuViewController.m; sourceTree = "<group>"; };
		8D78848A20BAD12400211135 /* GoogleService-Info.plist */ = {isa = PBXFileReference; fileEncoding = 4; lastKnownFileType = text.plist.xml; name = "GoogleService-Info.plist"; path = "../../../Downloads/GoogleService-Info.plist"; sourceTree = "<group>"; };
		8D78848E20BBBCBA00211135 /* RegisterViewController.h */ = {isa = PBXFileReference; lastKnownFileType = sourcecode.c.h; path = RegisterViewController.h; sourceTree = "<group>"; };
		8D78848F20BBBCBA00211135 /* RegisterViewController.m */ = {isa = PBXFileReference; lastKnownFileType = sourcecode.c.objc; path = RegisterViewController.m; sourceTree = "<group>"; };
		8D8B2DE320AD251900D8E063 /* StartChallenge.h */ = {isa = PBXFileReference; lastKnownFileType = sourcecode.c.h; path = StartChallenge.h; sourceTree = "<group>"; };
		8D8B2DE420AD251900D8E063 /* StartChallenge.m */ = {isa = PBXFileReference; lastKnownFileType = sourcecode.c.objc; path = StartChallenge.m; sourceTree = "<group>"; };
		8DEE4C5B20BE6A9D0023AF08 /* AlertViewController.h */ = {isa = PBXFileReference; lastKnownFileType = sourcecode.c.h; path = AlertViewController.h; sourceTree = "<group>"; };
		8DEE4C5C20BE6A9D0023AF08 /* AlertViewController.m */ = {isa = PBXFileReference; lastKnownFileType = sourcecode.c.objc; path = AlertViewController.m; sourceTree = "<group>"; };
		A442EB5E20B62B5E00B160D7 /* ClassicModeViewController.h */ = {isa = PBXFileReference; lastKnownFileType = sourcecode.c.h; path = ClassicModeViewController.h; sourceTree = "<group>"; };
		A442EB5F20B62B5E00B160D7 /* ClassicModeViewController.m */ = {isa = PBXFileReference; lastKnownFileType = sourcecode.c.objc; path = ClassicModeViewController.m; sourceTree = "<group>"; };
		A473AA0C20ACF06A0063AC23 /* GUI */ = {isa = PBXFileReference; lastKnownFileType = folder; path = GUI; sourceTree = "<group>"; };
		A4E7938E209ADCEE000C17C1 /* iOS try app.app */ = {isa = PBXFileReference; explicitFileType = wrapper.application; includeInIndex = 0; path = "iOS try app.app"; sourceTree = BUILT_PRODUCTS_DIR; };
		A4E79391209ADCEE000C17C1 /* AppDelegate.h */ = {isa = PBXFileReference; lastKnownFileType = sourcecode.c.h; path = AppDelegate.h; sourceTree = "<group>"; };
		A4E79392209ADCEE000C17C1 /* AppDelegate.m */ = {isa = PBXFileReference; lastKnownFileType = sourcecode.c.objc; path = AppDelegate.m; sourceTree = "<group>"; };
		A4E79394209ADCEE000C17C1 /* ViewController.h */ = {isa = PBXFileReference; lastKnownFileType = sourcecode.c.h; path = ViewController.h; sourceTree = "<group>"; };
		A4E79395209ADCEE000C17C1 /* ViewController.m */ = {isa = PBXFileReference; lastKnownFileType = sourcecode.c.objc; path = ViewController.m; sourceTree = "<group>"; };
		A4E79398209ADCEE000C17C1 /* Base */ = {isa = PBXFileReference; lastKnownFileType = file.storyboard; name = Base; path = Base.lproj/Main.storyboard; sourceTree = "<group>"; };
		A4E7939A209ADCEE000C17C1 /* Assets.xcassets */ = {isa = PBXFileReference; lastKnownFileType = folder.assetcatalog; path = Assets.xcassets; sourceTree = "<group>"; };
		A4E7939D209ADCEE000C17C1 /* Base */ = {isa = PBXFileReference; lastKnownFileType = file.storyboard; name = Base; path = Base.lproj/LaunchScreen.storyboard; sourceTree = "<group>"; };
		A4E7939F209ADCEE000C17C1 /* Info.plist */ = {isa = PBXFileReference; lastKnownFileType = text.plist.xml; path = Info.plist; sourceTree = "<group>"; };
		A4E793A0209ADCEE000C17C1 /* main.m */ = {isa = PBXFileReference; lastKnownFileType = sourcecode.c.objc; path = main.m; sourceTree = "<group>"; };
		A4E793A6209ADCEE000C17C1 /* iOS try appTests.xctest */ = {isa = PBXFileReference; explicitFileType = wrapper.cfbundle; includeInIndex = 0; path = "iOS try appTests.xctest"; sourceTree = BUILT_PRODUCTS_DIR; };
		A4E793AA209ADCEE000C17C1 /* iOS_try_appTests.m */ = {isa = PBXFileReference; lastKnownFileType = sourcecode.c.objc; path = iOS_try_appTests.m; sourceTree = "<group>"; };
		A4E793AC209ADCEE000C17C1 /* Info.plist */ = {isa = PBXFileReference; lastKnownFileType = text.plist.xml; path = Info.plist; sourceTree = "<group>"; };
		A4E793B1209ADCEE000C17C1 /* iOS try appUITests.xctest */ = {isa = PBXFileReference; explicitFileType = wrapper.cfbundle; includeInIndex = 0; path = "iOS try appUITests.xctest"; sourceTree = BUILT_PRODUCTS_DIR; };
		A4E793B5209ADCEE000C17C1 /* iOS_try_appUITests.m */ = {isa = PBXFileReference; lastKnownFileType = sourcecode.c.objc; path = iOS_try_appUITests.m; sourceTree = "<group>"; };
		A4E793B7209ADCEE000C17C1 /* Info.plist */ = {isa = PBXFileReference; lastKnownFileType = text.plist.xml; path = Info.plist; sourceTree = "<group>"; };
		A673D1CE3F6526A5FA94245B /* Pods-iOS try app.release.xcconfig */ = {isa = PBXFileReference; includeInIndex = 1; lastKnownFileType = text.xcconfig; name = "Pods-iOS try app.release.xcconfig"; path = "Pods/Target Support Files/Pods-iOS try app/Pods-iOS try app.release.xcconfig"; sourceTree = "<group>"; };
		DCF56CE274911A3F0AB31B19 /* libPods-iOS try appUITests.a */ = {isa = PBXFileReference; explicitFileType = archive.ar; includeInIndex = 0; path = "libPods-iOS try appUITests.a"; sourceTree = BUILT_PRODUCTS_DIR; };
		EE7F918BCDB1104CE72B7BC4 /* Pods-iOS try app.debug.xcconfig */ = {isa = PBXFileReference; includeInIndex = 1; lastKnownFileType = text.xcconfig; name = "Pods-iOS try app.debug.xcconfig"; path = "Pods/Target Support Files/Pods-iOS try app/Pods-iOS try app.debug.xcconfig"; sourceTree = "<group>"; };
		FF08DDE43E80B34A9DF379C6 /* libPods-iOS try app.a */ = {isa = PBXFileReference; explicitFileType = archive.ar; includeInIndex = 0; path = "libPods-iOS try app.a"; sourceTree = BUILT_PRODUCTS_DIR; };
/* End PBXFileReference section */

/* Begin PBXFrameworksBuildPhase section */
		A4E7938B209ADCEE000C17C1 /* Frameworks */ = {
			isa = PBXFrameworksBuildPhase;
			buildActionMask = 2147483647;
			files = (
				AE83405DBBF07294E81274C4 /* libPods-iOS try app.a in Frameworks */,
			);
			runOnlyForDeploymentPostprocessing = 0;
		};
		A4E793A3209ADCEE000C17C1 /* Frameworks */ = {
			isa = PBXFrameworksBuildPhase;
			buildActionMask = 2147483647;
			files = (
				95A523078ADD1E91901AAA5C /* libPods-iOS try appTests.a in Frameworks */,
			);
			runOnlyForDeploymentPostprocessing = 0;
		};
		A4E793AE209ADCEE000C17C1 /* Frameworks */ = {
			isa = PBXFrameworksBuildPhase;
			buildActionMask = 2147483647;
			files = (
				3FAB87BFF0EBCE96B5EB3B9B /* libPods-iOS try appUITests.a in Frameworks */,
			);
			runOnlyForDeploymentPostprocessing = 0;
		};
/* End PBXFrameworksBuildPhase section */

/* Begin PBXGroup section */
		0DA0B44D9DC16A3ABC5CA7EB /* Pods */ = {
			isa = PBXGroup;
			children = (
				EE7F918BCDB1104CE72B7BC4 /* Pods-iOS try app.debug.xcconfig */,
				A673D1CE3F6526A5FA94245B /* Pods-iOS try app.release.xcconfig */,
				659C422160A9C59E2B63671B /* Pods-iOS try appTests.debug.xcconfig */,
				05911351A6F252EC396E6B67 /* Pods-iOS try appTests.release.xcconfig */,
				3852A35FF42F407C2154D8CE /* Pods-iOS try appUITests.debug.xcconfig */,
				0A4A55BBF8D829D2342FC183 /* Pods-iOS try appUITests.release.xcconfig */,
			);
			name = Pods;
			sourceTree = "<group>";
		};
		84DAECBD3F7845938EDBBCDE /* Frameworks */ = {
			isa = PBXGroup;
			children = (
				FF08DDE43E80B34A9DF379C6 /* libPods-iOS try app.a */,
				2B2DF888119DBE4725358FB8 /* libPods-iOS try appTests.a */,
				DCF56CE274911A3F0AB31B19 /* libPods-iOS try appUITests.a */,
			);
			name = Frameworks;
			sourceTree = "<group>";
		};
		8D78849120BBCAA800211135 /* Alerts */ = {
			isa = PBXGroup;
			children = (
				8DEE4C5B20BE6A9D0023AF08 /* AlertViewController.h */,
				8DEE4C5C20BE6A9D0023AF08 /* AlertViewController.m */,
			);
			path = Alerts;
			sourceTree = "<group>";
		};
		A4E79385209ADCEE000C17C1 = {
			isa = PBXGroup;
			children = (
				A4E79390209ADCEE000C17C1 /* iOS try app */,
				A4E793A9209ADCEE000C17C1 /* iOS try appTests */,
				A4E793B4209ADCEE000C17C1 /* iOS try appUITests */,
				A4E7938F209ADCEE000C17C1 /* Products */,
				0DA0B44D9DC16A3ABC5CA7EB /* Pods */,
				84DAECBD3F7845938EDBBCDE /* Frameworks */,
			);
			sourceTree = "<group>";
		};
		A4E7938F209ADCEE000C17C1 /* Products */ = {
			isa = PBXGroup;
			children = (
				A4E7938E209ADCEE000C17C1 /* iOS try app.app */,
				A4E793A6209ADCEE000C17C1 /* iOS try appTests.xctest */,
				A4E793B1209ADCEE000C17C1 /* iOS try appUITests.xctest */,
			);
			name = Products;
			sourceTree = "<group>";
		};
		A4E79390209ADCEE000C17C1 /* iOS try app */ = {
			isa = PBXGroup;
			children = (
				8D78849120BBCAA800211135 /* Alerts */,
				A4E79391209ADCEE000C17C1 /* AppDelegate.h */,
				A4E79392209ADCEE000C17C1 /* AppDelegate.m */,
				A4E79394209ADCEE000C17C1 /* ViewController.h */,
				A4E79395209ADCEE000C17C1 /* ViewController.m */,
				A4E79397209ADCEE000C17C1 /* Main.storyboard */,
				8D78848E20BBBCBA00211135 /* RegisterViewController.h */,
				8D78848F20BBBCBA00211135 /* RegisterViewController.m */,
				A442EB5E20B62B5E00B160D7 /* ClassicModeViewController.h */,
				A442EB5F20B62B5E00B160D7 /* ClassicModeViewController.m */,
				8D78847A20B2E85800211135 /* MenuViewController.h */,
				8D78847B20B2E85800211135 /* MenuViewController.m */,
				A473AA0C20ACF06A0063AC23 /* GUI */,
				A4E7939A209ADCEE000C17C1 /* Assets.xcassets */,
				A4E7939C209ADCEE000C17C1 /* LaunchScreen.storyboard */,
				A4E7939F209ADCEE000C17C1 /* Info.plist */,
				8D78848A20BAD12400211135 /* GoogleService-Info.plist */,
				A4E793A0209ADCEE000C17C1 /* main.m */,
				8D8B2DE320AD251900D8E063 /* StartChallenge.h */,
				8D8B2DE420AD251900D8E063 /* StartChallenge.m */,
			);
			path = "iOS try app";
			sourceTree = "<group>";
		};
		A4E793A9209ADCEE000C17C1 /* iOS try appTests */ = {
			isa = PBXGroup;
			children = (
				A4E793AA209ADCEE000C17C1 /* iOS_try_appTests.m */,
				A4E793AC209ADCEE000C17C1 /* Info.plist */,
			);
			path = "iOS try appTests";
			sourceTree = "<group>";
		};
		A4E793B4209ADCEE000C17C1 /* iOS try appUITests */ = {
			isa = PBXGroup;
			children = (
				A4E793B5209ADCEE000C17C1 /* iOS_try_appUITests.m */,
				A4E793B7209ADCEE000C17C1 /* Info.plist */,
			);
			path = "iOS try appUITests";
			sourceTree = "<group>";
		};
/* End PBXGroup section */

/* Begin PBXNativeTarget section */
		A4E7938D209ADCEE000C17C1 /* iOS try app */ = {
			isa = PBXNativeTarget;
			buildConfigurationList = A4E793BA209ADCEE000C17C1 /* Build configuration list for PBXNativeTarget "iOS try app" */;
			buildPhases = (
				FA97134FB06029E72413ADFF /* [CP] Check Pods Manifest.lock */,
				A4E7938A209ADCEE000C17C1 /* Sources */,
				A4E7938B209ADCEE000C17C1 /* Frameworks */,
				A4E7938C209ADCEE000C17C1 /* Resources */,
			);
			buildRules = (
			);
			dependencies = (
			);
			name = "iOS try app";
			productName = "iOS try app";
			productReference = A4E7938E209ADCEE000C17C1 /* iOS try app.app */;
			productType = "com.apple.product-type.application";
		};
		A4E793A5209ADCEE000C17C1 /* iOS try appTests */ = {
			isa = PBXNativeTarget;
			buildConfigurationList = A4E793BD209ADCEE000C17C1 /* Build configuration list for PBXNativeTarget "iOS try appTests" */;
			buildPhases = (
				BAD8FCFDC130EC86B458500D /* [CP] Check Pods Manifest.lock */,
				A4E793A2209ADCEE000C17C1 /* Sources */,
				A4E793A3209ADCEE000C17C1 /* Frameworks */,
				A4E793A4209ADCEE000C17C1 /* Resources */,
			);
			buildRules = (
			);
			dependencies = (
				A4E793A8209ADCEE000C17C1 /* PBXTargetDependency */,
			);
			name = "iOS try appTests";
			productName = "iOS try appTests";
			productReference = A4E793A6209ADCEE000C17C1 /* iOS try appTests.xctest */;
			productType = "com.apple.product-type.bundle.unit-test";
		};
		A4E793B0209ADCEE000C17C1 /* iOS try appUITests */ = {
			isa = PBXNativeTarget;
			buildConfigurationList = A4E793C0209ADCEE000C17C1 /* Build configuration list for PBXNativeTarget "iOS try appUITests" */;
			buildPhases = (
				89C24E0582ABCCC6EF13DF08 /* [CP] Check Pods Manifest.lock */,
				A4E793AD209ADCEE000C17C1 /* Sources */,
				A4E793AE209ADCEE000C17C1 /* Frameworks */,
				A4E793AF209ADCEE000C17C1 /* Resources */,
			);
			buildRules = (
			);
			dependencies = (
				A4E793B3209ADCEE000C17C1 /* PBXTargetDependency */,
			);
			name = "iOS try appUITests";
			productName = "iOS try appUITests";
			productReference = A4E793B1209ADCEE000C17C1 /* iOS try appUITests.xctest */;
			productType = "com.apple.product-type.bundle.ui-testing";
		};
/* End PBXNativeTarget section */

/* Begin PBXProject section */
		A4E79386209ADCEE000C17C1 /* Project object */ = {
			isa = PBXProject;
			attributes = {
				LastUpgradeCheck = 0930;
				ORGANIZATIONNAME = 5526;
				TargetAttributes = {
					A4E7938D209ADCEE000C17C1 = {
						CreatedOnToolsVersion = 9.2;
						ProvisioningStyle = Automatic;
					};
					A4E793A5209ADCEE000C17C1 = {
						CreatedOnToolsVersion = 9.2;
						ProvisioningStyle = Automatic;
						TestTargetID = A4E7938D209ADCEE000C17C1;
					};
					A4E793B0209ADCEE000C17C1 = {
						CreatedOnToolsVersion = 9.2;
						ProvisioningStyle = Automatic;
						TestTargetID = A4E7938D209ADCEE000C17C1;
					};
				};
			};
			buildConfigurationList = A4E79389209ADCEE000C17C1 /* Build configuration list for PBXProject "iOS try app" */;
			compatibilityVersion = "Xcode 8.0";
			developmentRegion = en;
			hasScannedForEncodings = 0;
			knownRegions = (
				en,
				Base,
			);
			mainGroup = A4E79385209ADCEE000C17C1;
			productRefGroup = A4E7938F209ADCEE000C17C1 /* Products */;
			projectDirPath = "";
			projectRoot = "";
			targets = (
				A4E7938D209ADCEE000C17C1 /* iOS try app */,
				A4E793A5209ADCEE000C17C1 /* iOS try appTests */,
				A4E793B0209ADCEE000C17C1 /* iOS try appUITests */,
			);
		};
/* End PBXProject section */

/* Begin PBXResourcesBuildPhase section */
		A4E7938C209ADCEE000C17C1 /* Resources */ = {
			isa = PBXResourcesBuildPhase;
			buildActionMask = 2147483647;
			files = (
				A4E7939E209ADCEE000C17C1 /* LaunchScreen.storyboard in Resources */,
				A4E7939B209ADCEE000C17C1 /* Assets.xcassets in Resources */,
				8D78848B20BAD12500211135 /* GoogleService-Info.plist in Resources */,
				A4E79399209ADCEE000C17C1 /* Main.storyboard in Resources */,
				A473AA0D20ACF06A0063AC23 /* GUI in Resources */,
			);
			runOnlyForDeploymentPostprocessing = 0;
		};
		A4E793A4209ADCEE000C17C1 /* Resources */ = {
			isa = PBXResourcesBuildPhase;
			buildActionMask = 2147483647;
			files = (
				8D78848C20BAD12500211135 /* GoogleService-Info.plist in Resources */,
			);
			runOnlyForDeploymentPostprocessing = 0;
		};
		A4E793AF209ADCEE000C17C1 /* Resources */ = {
			isa = PBXResourcesBuildPhase;
			buildActionMask = 2147483647;
			files = (
				8D78848D20BAD12500211135 /* GoogleService-Info.plist in Resources */,
			);
			runOnlyForDeploymentPostprocessing = 0;
		};
/* End PBXResourcesBuildPhase section */

/* Begin PBXShellScriptBuildPhase section */
		89C24E0582ABCCC6EF13DF08 /* [CP] Check Pods Manifest.lock */ = {
			isa = PBXShellScriptBuildPhase;
			buildActionMask = 2147483647;
			files = (
			);
			inputPaths = (
				"${PODS_PODFILE_DIR_PATH}/Podfile.lock",
				"${PODS_ROOT}/Manifest.lock",
			);
			name = "[CP] Check Pods Manifest.lock";
			outputPaths = (
				"$(DERIVED_FILE_DIR)/Pods-iOS try appUITests-checkManifestLockResult.txt",
			);
			runOnlyForDeploymentPostprocessing = 0;
			shellPath = /bin/sh;
			shellScript = "diff \"${PODS_PODFILE_DIR_PATH}/Podfile.lock\" \"${PODS_ROOT}/Manifest.lock\" > /dev/null\nif [ $? != 0 ] ; then\n    # print error to STDERR\n    echo \"error: The sandbox is not in sync with the Podfile.lock. Run 'pod install' or update your CocoaPods installation.\" >&2\n    exit 1\nfi\n# This output is used by Xcode 'outputs' to avoid re-running this script phase.\necho \"SUCCESS\" > \"${SCRIPT_OUTPUT_FILE_0}\"\n";
			showEnvVarsInLog = 0;
		};
		BAD8FCFDC130EC86B458500D /* [CP] Check Pods Manifest.lock */ = {
			isa = PBXShellScriptBuildPhase;
			buildActionMask = 2147483647;
			files = (
			);
			inputPaths = (
				"${PODS_PODFILE_DIR_PATH}/Podfile.lock",
				"${PODS_ROOT}/Manifest.lock",
			);
			name = "[CP] Check Pods Manifest.lock";
			outputPaths = (
				"$(DERIVED_FILE_DIR)/Pods-iOS try appTests-checkManifestLockResult.txt",
			);
			runOnlyForDeploymentPostprocessing = 0;
			shellPath = /bin/sh;
			shellScript = "diff \"${PODS_PODFILE_DIR_PATH}/Podfile.lock\" \"${PODS_ROOT}/Manifest.lock\" > /dev/null\nif [ $? != 0 ] ; then\n    # print error to STDERR\n    echo \"error: The sandbox is not in sync with the Podfile.lock. Run 'pod install' or update your CocoaPods installation.\" >&2\n    exit 1\nfi\n# This output is used by Xcode 'outputs' to avoid re-running this script phase.\necho \"SUCCESS\" > \"${SCRIPT_OUTPUT_FILE_0}\"\n";
			showEnvVarsInLog = 0;
		};
		FA97134FB06029E72413ADFF /* [CP] Check Pods Manifest.lock */ = {
			isa = PBXShellScriptBuildPhase;
			buildActionMask = 2147483647;
			files = (
			);
			inputPaths = (
				"${PODS_PODFILE_DIR_PATH}/Podfile.lock",
				"${PODS_ROOT}/Manifest.lock",
			);
			name = "[CP] Check Pods Manifest.lock";
			outputPaths = (
				"$(DERIVED_FILE_DIR)/Pods-iOS try app-checkManifestLockResult.txt",
			);
			runOnlyForDeploymentPostprocessing = 0;
			shellPath = /bin/sh;
			shellScript = "diff \"${PODS_PODFILE_DIR_PATH}/Podfile.lock\" \"${PODS_ROOT}/Manifest.lock\" > /dev/null\nif [ $? != 0 ] ; then\n    # print error to STDERR\n    echo \"error: The sandbox is not in sync with the Podfile.lock. Run 'pod install' or update your CocoaPods installation.\" >&2\n    exit 1\nfi\n# This output is used by Xcode 'outputs' to avoid re-running this script phase.\necho \"SUCCESS\" > \"${SCRIPT_OUTPUT_FILE_0}\"\n";
			showEnvVarsInLog = 0;
		};
/* End PBXShellScriptBuildPhase section */

/* Begin PBXSourcesBuildPhase section */
		A4E7938A209ADCEE000C17C1 /* Sources */ = {
			isa = PBXSourcesBuildPhase;
			buildActionMask = 2147483647;
			files = (
				8D8B2DE520AD251900D8E063 /* StartChallenge.m in Sources */,
				A4E79396209ADCEE000C17C1 /* ViewController.m in Sources */,
				A442EB6020B62B5E00B160D7 /* ClassicModeViewController.m in Sources */,
				A4E793A1209ADCEE000C17C1 /* main.m in Sources */,
				8D78849020BBBCBA00211135 /* RegisterViewController.m in Sources */,
				A4E79393209ADCEE000C17C1 /* AppDelegate.m in Sources */,
				8D78847C20B2E85800211135 /* MenuViewController.m in Sources */,
				8DEE4C5D20BE6A9D0023AF08 /* AlertViewController.m in Sources */,
			);
			runOnlyForDeploymentPostprocessing = 0;
		};
		A4E793A2209ADCEE000C17C1 /* Sources */ = {
			isa = PBXSourcesBuildPhase;
			buildActionMask = 2147483647;
			files = (
				A4E793AB209ADCEE000C17C1 /* iOS_try_appTests.m in Sources */,
			);
			runOnlyForDeploymentPostprocessing = 0;
		};
		A4E793AD209ADCEE000C17C1 /* Sources */ = {
			isa = PBXSourcesBuildPhase;
			buildActionMask = 2147483647;
			files = (
				A4E793B6209ADCEE000C17C1 /* iOS_try_appUITests.m in Sources */,
			);
			runOnlyForDeploymentPostprocessing = 0;
		};
/* End PBXSourcesBuildPhase section */

/* Begin PBXTargetDependency section */
		A4E793A8209ADCEE000C17C1 /* PBXTargetDependency */ = {
			isa = PBXTargetDependency;
			target = A4E7938D209ADCEE000C17C1 /* iOS try app */;
			targetProxy = A4E793A7209ADCEE000C17C1 /* PBXContainerItemProxy */;
		};
		A4E793B3209ADCEE000C17C1 /* PBXTargetDependency */ = {
			isa = PBXTargetDependency;
			target = A4E7938D209ADCEE000C17C1 /* iOS try app */;
			targetProxy = A4E793B2209ADCEE000C17C1 /* PBXContainerItemProxy */;
		};
/* End PBXTargetDependency section */

/* Begin PBXVariantGroup section */
		A4E79397209ADCEE000C17C1 /* Main.storyboard */ = {
			isa = PBXVariantGroup;
			children = (
				A4E79398209ADCEE000C17C1 /* Base */,
			);
			name = Main.storyboard;
			sourceTree = "<group>";
		};
		A4E7939C209ADCEE000C17C1 /* LaunchScreen.storyboard */ = {
			isa = PBXVariantGroup;
			children = (
				A4E7939D209ADCEE000C17C1 /* Base */,
			);
			name = LaunchScreen.storyboard;
			sourceTree = "<group>";
		};
/* End PBXVariantGroup section */

/* Begin XCBuildConfiguration section */
		A4E793B8209ADCEE000C17C1 /* Debug */ = {
			isa = XCBuildConfiguration;
			buildSettings = {
				ALWAYS_SEARCH_USER_PATHS = NO;
				CLANG_ANALYZER_NONNULL = YES;
				CLANG_ANALYZER_NUMBER_OBJECT_CONVERSION = YES_AGGRESSIVE;
				CLANG_CXX_LANGUAGE_STANDARD = "gnu++14";
				CLANG_CXX_LIBRARY = "libc++";
				CLANG_ENABLE_MODULES = YES;
				CLANG_ENABLE_OBJC_ARC = YES;
				CLANG_WARN_BLOCK_CAPTURE_AUTORELEASING = YES;
				CLANG_WARN_BOOL_CONVERSION = YES;
				CLANG_WARN_COMMA = YES;
				CLANG_WARN_CONSTANT_CONVERSION = YES;
				CLANG_WARN_DEPRECATED_OBJC_IMPLEMENTATIONS = YES;
				CLANG_WARN_DIRECT_OBJC_ISA_USAGE = YES_ERROR;
				CLANG_WARN_DOCUMENTATION_COMMENTS = YES;
				CLANG_WARN_EMPTY_BODY = YES;
				CLANG_WARN_ENUM_CONVERSION = YES;
				CLANG_WARN_INFINITE_RECURSION = YES;
				CLANG_WARN_INT_CONVERSION = YES;
				CLANG_WARN_NON_LITERAL_NULL_CONVERSION = YES;
				CLANG_WARN_OBJC_IMPLICIT_RETAIN_SELF = YES;
				CLANG_WARN_OBJC_LITERAL_CONVERSION = YES;
				CLANG_WARN_OBJC_ROOT_CLASS = YES_ERROR;
				CLANG_WARN_RANGE_LOOP_ANALYSIS = YES;
				CLANG_WARN_STRICT_PROTOTYPES = YES;
				CLANG_WARN_SUSPICIOUS_MOVE = YES;
				CLANG_WARN_UNGUARDED_AVAILABILITY = YES_AGGRESSIVE;
				CLANG_WARN_UNREACHABLE_CODE = YES;
				CLANG_WARN__DUPLICATE_METHOD_MATCH = YES;
				CODE_SIGN_IDENTITY = "iPhone Developer";
				COPY_PHASE_STRIP = NO;
				DEBUG_INFORMATION_FORMAT = dwarf;
				ENABLE_STRICT_OBJC_MSGSEND = YES;
				ENABLE_TESTABILITY = YES;
				GCC_C_LANGUAGE_STANDARD = gnu11;
				GCC_DYNAMIC_NO_PIC = NO;
				GCC_NO_COMMON_BLOCKS = YES;
				GCC_OPTIMIZATION_LEVEL = 0;
				GCC_PREPROCESSOR_DEFINITIONS = (
					"DEBUG=1",
					"$(inherited)",
				);
				GCC_WARN_64_TO_32_BIT_CONVERSION = YES;
				GCC_WARN_ABOUT_RETURN_TYPE = YES_ERROR;
				GCC_WARN_UNDECLARED_SELECTOR = YES;
				GCC_WARN_UNINITIALIZED_AUTOS = YES_AGGRESSIVE;
				GCC_WARN_UNUSED_FUNCTION = YES;
				GCC_WARN_UNUSED_VARIABLE = YES;
				IPHONEOS_DEPLOYMENT_TARGET = 11.2;
				MTL_ENABLE_DEBUG_INFO = YES;
				ONLY_ACTIVE_ARCH = YES;
				SDKROOT = iphoneos;
			};
			name = Debug;
		};
		A4E793B9209ADCEE000C17C1 /* Release */ = {
			isa = XCBuildConfiguration;
			buildSettings = {
				ALWAYS_SEARCH_USER_PATHS = NO;
				CLANG_ANALYZER_NONNULL = YES;
				CLANG_ANALYZER_NUMBER_OBJECT_CONVERSION = YES_AGGRESSIVE;
				CLANG_CXX_LANGUAGE_STANDARD = "gnu++14";
				CLANG_CXX_LIBRARY = "libc++";
				CLANG_ENABLE_MODULES = YES;
				CLANG_ENABLE_OBJC_ARC = YES;
				CLANG_WARN_BLOCK_CAPTURE_AUTORELEASING = YES;
				CLANG_WARN_BOOL_CONVERSION = YES;
				CLANG_WARN_COMMA = YES;
				CLANG_WARN_CONSTANT_CONVERSION = YES;
				CLANG_WARN_DEPRECATED_OBJC_IMPLEMENTATIONS = YES;
				CLANG_WARN_DIRECT_OBJC_ISA_USAGE = YES_ERROR;
				CLANG_WARN_DOCUMENTATION_COMMENTS = YES;
				CLANG_WARN_EMPTY_BODY = YES;
				CLANG_WARN_ENUM_CONVERSION = YES;
				CLANG_WARN_INFINITE_RECURSION = YES;
				CLANG_WARN_INT_CONVERSION = YES;
				CLANG_WARN_NON_LITERAL_NULL_CONVERSION = YES;
				CLANG_WARN_OBJC_IMPLICIT_RETAIN_SELF = YES;
				CLANG_WARN_OBJC_LITERAL_CONVERSION = YES;
				CLANG_WARN_OBJC_ROOT_CLASS = YES_ERROR;
				CLANG_WARN_RANGE_LOOP_ANALYSIS = YES;
				CLANG_WARN_STRICT_PROTOTYPES = YES;
				CLANG_WARN_SUSPICIOUS_MOVE = YES;
				CLANG_WARN_UNGUARDED_AVAILABILITY = YES_AGGRESSIVE;
				CLANG_WARN_UNREACHABLE_CODE = YES;
				CLANG_WARN__DUPLICATE_METHOD_MATCH = YES;
				CODE_SIGN_IDENTITY = "iPhone Developer";
				COPY_PHASE_STRIP = NO;
				DEBUG_INFORMATION_FORMAT = "dwarf-with-dsym";
				ENABLE_NS_ASSERTIONS = NO;
				ENABLE_STRICT_OBJC_MSGSEND = YES;
				GCC_C_LANGUAGE_STANDARD = gnu11;
				GCC_NO_COMMON_BLOCKS = YES;
				GCC_WARN_64_TO_32_BIT_CONVERSION = YES;
				GCC_WARN_ABOUT_RETURN_TYPE = YES_ERROR;
				GCC_WARN_UNDECLARED_SELECTOR = YES;
				GCC_WARN_UNINITIALIZED_AUTOS = YES_AGGRESSIVE;
				GCC_WARN_UNUSED_FUNCTION = YES;
				GCC_WARN_UNUSED_VARIABLE = YES;
				IPHONEOS_DEPLOYMENT_TARGET = 11.2;
				MTL_ENABLE_DEBUG_INFO = NO;
				SDKROOT = iphoneos;
				VALIDATE_PRODUCT = YES;
			};
			name = Release;
		};
		A4E793BB209ADCEE000C17C1 /* Debug */ = {
			isa = XCBuildConfiguration;
			baseConfigurationReference = EE7F918BCDB1104CE72B7BC4 /* Pods-iOS try app.debug.xcconfig */;
			buildSettings = {
				ASSETCATALOG_COMPILER_APPICON_NAME = AppIcon;
				CODE_SIGN_STYLE = Automatic;
				DEVELOPMENT_TEAM = C2JM7XLS3M;
				INFOPLIST_FILE = "$(SRCROOT)/iOS try app/Info.plist";
				LD_RUNPATH_SEARCH_PATHS = "$(inherited) @executable_path/Frameworks";
				PRODUCT_BUNDLE_IDENTIFIER = "maym.iOS-try-app";
				PRODUCT_NAME = "$(TARGET_NAME)";
				TARGETED_DEVICE_FAMILY = "1,2";
			};
			name = Debug;
		};
		A4E793BC209ADCEE000C17C1 /* Release */ = {
			isa = XCBuildConfiguration;
			baseConfigurationReference = A673D1CE3F6526A5FA94245B /* Pods-iOS try app.release.xcconfig */;
			buildSettings = {
				ASSETCATALOG_COMPILER_APPICON_NAME = AppIcon;
				CODE_SIGN_STYLE = Automatic;
				DEVELOPMENT_TEAM = C2JM7XLS3M;
				INFOPLIST_FILE = "$(SRCROOT)/iOS try app/Info.plist";
				LD_RUNPATH_SEARCH_PATHS = "$(inherited) @executable_path/Frameworks";
				PRODUCT_BUNDLE_IDENTIFIER = "maym.iOS-try-app";
				PRODUCT_NAME = "$(TARGET_NAME)";
				TARGETED_DEVICE_FAMILY = "1,2";
			};
			name = Release;
		};
		A4E793BE209ADCEE000C17C1 /* Debug */ = {
			isa = XCBuildConfiguration;
			baseConfigurationReference = 659C422160A9C59E2B63671B /* Pods-iOS try appTests.debug.xcconfig */;
			buildSettings = {
				BUNDLE_LOADER = "$(TEST_HOST)";
				CODE_SIGN_STYLE = Automatic;
				INFOPLIST_FILE = "iOS try appTests/Info.plist";
				LD_RUNPATH_SEARCH_PATHS = "$(inherited) @executable_path/Frameworks @loader_path/Frameworks";
				PRODUCT_BUNDLE_IDENTIFIER = "maym.iOS-try-appTests";
				PRODUCT_NAME = "$(TARGET_NAME)";
				TARGETED_DEVICE_FAMILY = "1,2";
				TEST_HOST = "$(BUILT_PRODUCTS_DIR)/iOS try app.app/iOS try app";
			};
			name = Debug;
		};
		A4E793BF209ADCEE000C17C1 /* Release */ = {
			isa = XCBuildConfiguration;
			baseConfigurationReference = 05911351A6F252EC396E6B67 /* Pods-iOS try appTests.release.xcconfig */;
			buildSettings = {
				BUNDLE_LOADER = "$(TEST_HOST)";
				CODE_SIGN_STYLE = Automatic;
				INFOPLIST_FILE = "iOS try appTests/Info.plist";
				LD_RUNPATH_SEARCH_PATHS = "$(inherited) @executable_path/Frameworks @loader_path/Frameworks";
				PRODUCT_BUNDLE_IDENTIFIER = "maym.iOS-try-appTests";
				PRODUCT_NAME = "$(TARGET_NAME)";
				TARGETED_DEVICE_FAMILY = "1,2";
				TEST_HOST = "$(BUILT_PRODUCTS_DIR)/iOS try app.app/iOS try app";
			};
			name = Release;
		};
		A4E793C1209ADCEE000C17C1 /* Debug */ = {
			isa = XCBuildConfiguration;
			baseConfigurationReference = 3852A35FF42F407C2154D8CE /* Pods-iOS try appUITests.debug.xcconfig */;
			buildSettings = {
				CODE_SIGN_STYLE = Automatic;
				INFOPLIST_FILE = "iOS try appUITests/Info.plist";
				LD_RUNPATH_SEARCH_PATHS = "$(inherited) @executable_path/Frameworks @loader_path/Frameworks";
				PRODUCT_BUNDLE_IDENTIFIER = "maym.iOS-try-appUITests";
				PRODUCT_NAME = "$(TARGET_NAME)";
				TARGETED_DEVICE_FAMILY = "1,2";
				TEST_TARGET_NAME = "iOS try app";
			};
			name = Debug;
		};
		A4E793C2209ADCEE000C17C1 /* Release */ = {
			isa = XCBuildConfiguration;
			baseConfigurationReference = 0A4A55BBF8D829D2342FC183 /* Pods-iOS try appUITests.release.xcconfig */;
			buildSettings = {
				CODE_SIGN_STYLE = Automatic;
				INFOPLIST_FILE = "iOS try appUITests/Info.plist";
				LD_RUNPATH_SEARCH_PATHS = "$(inherited) @executable_path/Frameworks @loader_path/Frameworks";
				PRODUCT_BUNDLE_IDENTIFIER = "maym.iOS-try-appUITests";
				PRODUCT_NAME = "$(TARGET_NAME)";
				TARGETED_DEVICE_FAMILY = "1,2";
				TEST_TARGET_NAME = "iOS try app";
			};
			name = Release;
		};
/* End XCBuildConfiguration section */

/* Begin XCConfigurationList section */
		A4E79389209ADCEE000C17C1 /* Build configuration list for PBXProject "iOS try app" */ = {
			isa = XCConfigurationList;
			buildConfigurations = (
				A4E793B8209ADCEE000C17C1 /* Debug */,
				A4E793B9209ADCEE000C17C1 /* Release */,
			);
			defaultConfigurationIsVisible = 0;
			defaultConfigurationName = Release;
		};
		A4E793BA209ADCEE000C17C1 /* Build configuration list for PBXNativeTarget "iOS try app" */ = {
			isa = XCConfigurationList;
			buildConfigurations = (
				A4E793BB209ADCEE000C17C1 /* Debug */,
				A4E793BC209ADCEE000C17C1 /* Release */,
			);
			defaultConfigurationIsVisible = 0;
			defaultConfigurationName = Release;
		};
		A4E793BD209ADCEE000C17C1 /* Build configuration list for PBXNativeTarget "iOS try appTests" */ = {
			isa = XCConfigurationList;
			buildConfigurations = (
				A4E793BE209ADCEE000C17C1 /* Debug */,
				A4E793BF209ADCEE000C17C1 /* Release */,
			);
			defaultConfigurationIsVisible = 0;
			defaultConfigurationName = Release;
		};
		A4E793C0209ADCEE000C17C1 /* Build configuration list for PBXNativeTarget "iOS try appUITests" */ = {
			isa = XCConfigurationList;
			buildConfigurations = (
				A4E793C1209ADCEE000C17C1 /* Debug */,
				A4E793C2209ADCEE000C17C1 /* Release */,
			);
			defaultConfigurationIsVisible = 0;
			defaultConfigurationName = Release;
		};
/* End XCConfigurationList section */
	};
	rootObject = A4E79386209ADCEE000C17C1 /* Project object */;
}
